# Verrou de travail global — mode stable séquentiel

locked: true
active_run: BL-040
active_role: Développeur Python
active_tool: claude-code
branch: version/v0.4.0
locked_at: "2026-06-28T12:17:34Z"
last_heartbeat_at: "2026-06-28T12:17:34Z"
expires_at: "2026-06-28T16:17:34Z"
lease_duration_minutes: 240
status: IN_PROGRESS
