# Verrou de travail global — mode stable séquentiel
# Un seul outil peut travailler à un instant donné.
#
# Règles :
#   locked: false → un outil peut démarrer.
#   locked: true + expires_at dans le futur → aucun autre outil ne modifie le projet.
#   locked: true + expires_at dépassé → verrou orphelin → procédure de recovery.
#
# Tout outil actif doit mettre à jour last_heartbeat_at et expires_at régulièrement.

locked: true
active_run: BL-020
active_role: Développeur Python
active_tool: claude-code
branch: version/v0.2.0
locked_at: "2026-06-28T08:30:00Z"
last_heartbeat_at: "2026-06-28T08:30:00Z"
expires_at: "2026-06-28T12:30:00Z"
lease_duration_minutes: 240
status: IN_PROGRESS
